// !$*UTF8*$!
{
	archiveVersion = 1;
	classes = {
	};
	objectVersion = 48;
	objects = {

/* Begin PBXBuildFile section */
		2699BF1CD115663D8D2B23B1 /* Pods_HotelAppTests.framework in Frameworks */ = {isa = PBXBuildFile; fileRef = 2283CD886268DFD6783408A5 /* Pods_HotelAppTests.framework */; };
		90E150F4207D1D570025E4C4 /* R.generated.swift in Sources */ = {isa = PBXBuildFile; fileRef = 90E150F3207D1D560025E4C4 /* R.generated.swift */; };
		90E150F7207D1F260025E4C4 /* HotelTableViewCell.swift in Sources */ = {isa = PBXBuildFile; fileRef = 90E150F5207D1F260025E4C4 /* HotelTableViewCell.swift */; };
		90E150F8207D1F260025E4C4 /* HotelTableViewCell.xib in Resources */ = {isa = PBXBuildFile; fileRef = 90E150F6207D1F260025E4C4 /* HotelTableViewCell.xib */; };
		90E150FA207D1F320025E4C4 /* OfferTableViewController.swift in Sources */ = {isa = PBXBuildFile; fileRef = 90E150F9207D1F320025E4C4 /* OfferTableViewController.swift */; };
		90E150FC207D1F890025E4C4 /* APIManager.swift in Sources */ = {isa = PBXBuildFile; fileRef = 90E150FB207D1F890025E4C4 /* APIManager.swift */; };
		90E150FE207D20570025E4C4 /* Offer.swift in Sources */ = {isa = PBXBuildFile; fileRef = 90E150FD207D20570025E4C4 /* Offer.swift */; };
		90E15100207D33590025E4C4 /* offers.json in Resources */ = {isa = PBXBuildFile; fileRef = 90E150FF207D33590025E4C4 /* offers.json */; };
		90E40ADB207403CF00FFD23B /* AppDelegate.swift in Sources */ = {isa = PBXBuildFile; fileRef = 90E40ADA207403CF00FFD23B /* AppDelegate.swift */; };
		90E40ADD207403CF00FFD23B /* ViewController.swift in Sources */ = {isa = PBXBuildFile; fileRef = 90E40ADC207403CF00FFD23B /* ViewController.swift */; };
		90E40AE0207403CF00FFD23B /* Main.storyboard in Resources */ = {isa = PBXBuildFile; fileRef = 90E40ADE207403CF00FFD23B /* Main.storyboard */; };
		90E40AE2207403CF00FFD23B /* Assets.xcassets in Resources */ = {isa = PBXBuildFile; fileRef = 90E40AE1207403CF00FFD23B /* Assets.xcassets */; };
		90E40AE5207403CF00FFD23B /* LaunchScreen.storyboard in Resources */ = {isa = PBXBuildFile; fileRef = 90E40AE3207403CF00FFD23B /* LaunchScreen.storyboard */; };
		90E40AF0207403D000FFD23B /* HotelAppTests.swift in Sources */ = {isa = PBXBuildFile; fileRef = 90E40AEF207403D000FFD23B /* HotelAppTests.swift */; };
		90E40AFB207403D000FFD23B /* HotelAppUITests.swift in Sources */ = {isa = PBXBuildFile; fileRef = 90E40AFA207403D000FFD23B /* HotelAppUITests.swift */; };
		AC07F5659220113A970428AD /* Pods_HotelApp.framework in Frameworks */ = {isa = PBXBuildFile; fileRef = FF4A4A74B9B2011BE6CEC5B0 /* Pods_HotelApp.framework */; };
		BABB0A9056CB6830581ABB3D /* Pods_HotelAppUITests.framework in Frameworks */ = {isa = PBXBuildFile; fileRef = 322BCD5EA1E231165AA4E4C1 /* Pods_HotelAppUITests.framework */; };
/* End PBXBuildFile section */

/* Begin PBXContainerItemProxy section */
		90E40AEC207403D000FFD23B /* PBXContainerItemProxy */ = {
			isa = PBXContainerItemProxy;
			containerPortal = 90E40ACF207403CF00FFD23B /* Project object */;
			proxyType = 1;
			remoteGlobalIDString = 90E40AD6207403CF00FFD23B;
			remoteInfo = HotelApp;
		};
		90E40AF7207403D000FFD23B /* PBXContainerItemProxy */ = {
			isa = PBXContainerItemProxy;
			containerPortal = 90E40ACF207403CF00FFD23B /* Project object */;
			proxyType = 1;
			remoteGlobalIDString = 90E40AD6207403CF00FFD23B;
			remoteInfo = HotelApp;
		};
/* End PBXContainerItemProxy section */

/* Begin PBXFileReference section */
		2283CD886268DFD6783408A5 /* Pods_HotelAppTests.framework */ = {isa = PBXFileReference; explicitFileType = wrapper.framework; includeInIndex = 0; path = Pods_HotelAppTests.framework; sourceTree = BUILT_PRODUCTS_DIR; };
		322BCD5EA1E231165AA4E4C1 /* Pods_HotelAppUITests.framework */ = {isa = PBXFileReference; explicitFileType = wrapper.framework; includeInIndex = 0; path = Pods_HotelAppUITests.framework; sourceTree = BUILT_PRODUCTS_DIR; };
		358EA5A63F22DA340FB3A084 /* Pods-HotelAppTests.release.xcconfig */ = {isa = PBXFileReference; includeInIndex = 1; lastKnownFileType = text.xcconfig; name = "Pods-HotelAppTests.release.xcconfig"; path = "Pods/Target Support Files/Pods-HotelAppTests/Pods-HotelAppTests.release.xcconfig"; sourceTree = "<group>"; };
		5AB311A98CFD76D18DAC15D1 /* Pods-HotelApp.debug.xcconfig */ = {isa = PBXFileReference; includeInIndex = 1; lastKnownFileType = text.xcconfig; name = "Pods-HotelApp.debug.xcconfig"; path = "Pods/Target Support Files/Pods-HotelApp/Pods-HotelApp.debug.xcconfig"; sourceTree = "<group>"; };
		5E497557A33310AB0D2EDE8A /* Pods-HotelAppUITests.release.xcconfig */ = {isa = PBXFileReference; includeInIndex = 1; lastKnownFileType = text.xcconfig; name = "Pods-HotelAppUITests.release.xcconfig"; path = "Pods/Target Support Files/Pods-HotelAppUITests/Pods-HotelAppUITests.release.xcconfig"; sourceTree = "<group>"; };
		6EAC294769F833E71E77244B /* Pods-HotelApp.release.xcconfig */ = {isa = PBXFileReference; includeInIndex = 1; lastKnownFileType = text.xcconfig; name = "Pods-HotelApp.release.xcconfig"; path = "Pods/Target Support Files/Pods-HotelApp/Pods-HotelApp.release.xcconfig"; sourceTree = "<group>"; };
		90E150F3207D1D560025E4C4 /* R.generated.swift */ = {isa = PBXFileReference; fileEncoding = 4; lastKnownFileType = sourcecode.swift; path = R.generated.swift; sourceTree = SOURCE_ROOT; };
		90E150F5207D1F260025E4C4 /* HotelTableViewCell.swift */ = {isa = PBXFileReference; lastKnownFileType = sourcecode.swift; path = HotelTableViewCell.swift; sourceTree = "<group>"; };
		90E150F6207D1F260025E4C4 /* HotelTableViewCell.xib */ = {isa = PBXFileReference; lastKnownFileType = file.xib; path = HotelTableViewCell.xib; sourceTree = "<group>"; };
		90E150F9207D1F320025E4C4 /* OfferTableViewController.swift */ = {isa = PBXFileReference; lastKnownFileType = sourcecode.swift; path = OfferTableViewController.swift; sourceTree = "<group>"; };
		90E150FB207D1F890025E4C4 /* APIManager.swift */ = {isa = PBXFileReference; fileEncoding = 4; lastKnownFileType = sourcecode.swift; path = APIManager.swift; sourceTree = "<group>"; };
		90E150FD207D20570025E4C4 /* Offer.swift */ = {isa = PBXFileReference; fileEncoding = 4; lastKnownFileType = sourcecode.swift; path = Offer.swift; sourceTree = "<group>"; };
		90E150FF207D33590025E4C4 /* offers.json */ = {isa = PBXFileReference; lastKnownFileType = text.json; path = offers.json; sourceTree = "<group>"; };
		90E40AD7207403CF00FFD23B /* HotelApp.app */ = {isa = PBXFileReference; explicitFileType = wrapper.application; includeInIndex = 0; path = HotelApp.app; sourceTree = BUILT_PRODUCTS_DIR; };
		90E40ADA207403CF00FFD23B /* AppDelegate.swift */ = {isa = PBXFileReference; lastKnownFileType = sourcecode.swift; path = AppDelegate.swift; sourceTree = "<group>"; };
		90E40ADC207403CF00FFD23B /* ViewController.swift */ = {isa = PBXFileReference; lastKnownFileType = sourcecode.swift; path = ViewController.swift; sourceTree = "<group>"; };
		90E40ADF207403CF00FFD23B /* Base */ = {isa = PBXFileReference; lastKnownFileType = file.storyboard; name = Base; path = Base.lproj/Main.storyboard; sourceTree = "<group>"; };
		90E40AE1207403CF00FFD23B /* Assets.xcassets */ = {isa = PBXFileReference; lastKnownFileType = folder.assetcatalog; path = Assets.xcassets; sourceTree = "<group>"; };
		90E40AE4207403CF00FFD23B /* Base */ = {isa = PBXFileReference; lastKnownFileType = file.storyboard; name = Base; path = Base.lproj/LaunchScreen.storyboard; sourceTree = "<group>"; };
		90E40AE6207403CF00FFD23B /* Info.plist */ = {isa = PBXFileReference; lastKnownFileType = text.plist.xml; path = Info.plist; sourceTree = "<group>"; };
		90E40AEB207403D000FFD23B /* HotelAppTests.xctest */ = {isa = PBXFileReference; explicitFileType = wrapper.cfbundle; includeInIndex = 0; path = HotelAppTests.xctest; sourceTree = BUILT_PRODUCTS_DIR; };
		90E40AEF207403D000FFD23B /* HotelAppTests.swift */ = {isa = PBXFileReference; lastKnownFileType = sourcecode.swift; path = HotelAppTests.swift; sourceTree = "<group>"; };
		90E40AF1207403D000FFD23B /* Info.plist */ = {isa = PBXFileReference; lastKnownFileType = text.plist.xml; path = Info.plist; sourceTree = "<group>"; };
		90E40AF6207403D000FFD23B /* HotelAppUITests.xctest */ = {isa = PBXFileReference; explicitFileType = wrapper.cfbundle; includeInIndex = 0; path = HotelAppUITests.xctest; sourceTree = BUILT_PRODUCTS_DIR; };
		90E40AFA207403D000FFD23B /* HotelAppUITests.swift */ = {isa = PBXFileReference; lastKnownFileType = sourcecode.swift; path = HotelAppUITests.swift; sourceTree = "<group>"; };
		90E40AFC207403D000FFD23B /* Info.plist */ = {isa = PBXFileReference; lastKnownFileType = text.plist.xml; path = Info.plist; sourceTree = "<group>"; };
		9BBF5286B20FBA6B0446C754 /* Pods-HotelAppUITests.debug.xcconfig */ = {isa = PBXFileReference; includeInIndex = 1; lastKnownFileType = text.xcconfig; name = "Pods-HotelAppUITests.debug.xcconfig"; path = "Pods/Target Support Files/Pods-HotelAppUITests/Pods-HotelAppUITests.debug.xcconfig"; sourceTree = "<group>"; };
		F603193501B29299FE0519D1 /* Pods-HotelAppTests.debug.xcconfig */ = {isa = PBXFileReference; includeInIndex = 1; lastKnownFileType = text.xcconfig; name = "Pods-HotelAppTests.debug.xcconfig"; path = "Pods/Target Support Files/Pods-HotelAppTests/Pods-HotelAppTests.debug.xcconfig"; sourceTree = "<group>"; };
		FF4A4A74B9B2011BE6CEC5B0 /* Pods_HotelApp.framework */ = {isa = PBXFileReference; explicitFileType = wrapper.framework; includeInIndex = 0; path = Pods_HotelApp.framework; sourceTree = BUILT_PRODUCTS_DIR; };
/* End PBXFileReference section */

/* Begin PBXFrameworksBuildPhase section */
		90E40AD4207403CF00FFD23B /* Frameworks */ = {
			isa = PBXFrameworksBuildPhase;
			buildActionMask = 2147483647;
			files = (
				AC07F5659220113A970428AD /* Pods_HotelApp.framework in Frameworks */,
			);
			runOnlyForDeploymentPostprocessing = 0;
		};
		90E40AE8207403D000FFD23B /* Frameworks */ = {
			isa = PBXFrameworksBuildPhase;
			buildActionMask = 2147483647;
			files = (
				2699BF1CD115663D8D2B23B1 /* Pods_HotelAppTests.framework in Frameworks */,
			);
			runOnlyForDeploymentPostprocessing = 0;
		};
		90E40AF3207403D000FFD23B /* Frameworks */ = {
			isa = PBXFrameworksBuildPhase;
			buildActionMask = 2147483647;
			files = (
				BABB0A9056CB6830581ABB3D /* Pods_HotelAppUITests.framework in Frameworks */,
			);
			runOnlyForDeploymentPostprocessing = 0;
		};
/* End PBXFrameworksBuildPhase section */

/* Begin PBXGroup section */
		90E40ACE207403CF00FFD23B = {
			isa = PBXGroup;
			children = (
				90E40AD9207403CF00FFD23B /* HotelApp */,
				90E40AEE207403D000FFD23B /* HotelAppTests */,
				90E40AF9207403D000FFD23B /* HotelAppUITests */,
				90E40AD8207403CF00FFD23B /* Products */,
				F55FDB452A338023BBDE9811 /* Pods */,
				D5015116C41AE0DF932C1F50 /* Frameworks */,
			);
			sourceTree = "<group>";
		};
		90E40AD8207403CF00FFD23B /* Products */ = {
			isa = PBXGroup;
			children = (
				90E40AD7207403CF00FFD23B /* HotelApp.app */,
				90E40AEB207403D000FFD23B /* HotelAppTests.xctest */,
				90E40AF6207403D000FFD23B /* HotelAppUITests.xctest */,
			);
			name = Products;
			sourceTree = "<group>";
		};
		90E40AD9207403CF00FFD23B /* HotelApp */ = {
			isa = PBXGroup;
			children = (
				90E150F3207D1D560025E4C4 /* R.generated.swift */,
				90E40ADA207403CF00FFD23B /* AppDelegate.swift */,
				90E40ADC207403CF00FFD23B /* ViewController.swift */,
				90E150F5207D1F260025E4C4 /* HotelTableViewCell.swift */,
				90E150F6207D1F260025E4C4 /* HotelTableViewCell.xib */,
				90E150FB207D1F890025E4C4 /* APIManager.swift */,
				90E150F9207D1F320025E4C4 /* OfferTableViewController.swift */,
				90E150FD207D20570025E4C4 /* Offer.swift */,
				90E40ADE207403CF00FFD23B /* Main.storyboard */,
				90E40AE1207403CF00FFD23B /* Assets.xcassets */,
				90E40AE3207403CF00FFD23B /* LaunchScreen.storyboard */,
				90E40AE6207403CF00FFD23B /* Info.plist */,
				90E150FF207D33590025E4C4 /* offers.json */,
			);
			path = HotelApp;
			sourceTree = "<group>";
		};
		90E40AEE207403D000FFD23B /* HotelAppTests */ = {
			isa = PBXGroup;
			children = (
				90E40AEF207403D000FFD23B /* HotelAppTests.swift */,
				90E40AF1207403D000FFD23B /* Info.plist */,
			);
			path = HotelAppTests;
			sourceTree = "<group>";
		};
		90E40AF9207403D000FFD23B /* HotelAppUITests */ = {
			isa = PBXGroup;
			children = (
				90E40AFA207403D000FFD23B /* HotelAppUITests.swift */,
				90E40AFC207403D000FFD23B /* Info.plist */,
			);
			path = HotelAppUITests;
			sourceTree = "<group>";
		};
		D5015116C41AE0DF932C1F50 /* Frameworks */ = {
			isa = PBXGroup;
			children = (
				FF4A4A74B9B2011BE6CEC5B0 /* Pods_HotelApp.framework */,
				2283CD886268DFD6783408A5 /* Pods_HotelAppTests.framework */,
				322BCD5EA1E231165AA4E4C1 /* Pods_HotelAppUITests.framework */,
			);
			name = Frameworks;
			sourceTree = "<group>";
		};
		F55FDB452A338023BBDE9811 /* Pods */ = {
			isa = PBXGroup;
			children = (
				5AB311A98CFD76D18DAC15D1 /* Pods-HotelApp.debug.xcconfig */,
				6EAC294769F833E71E77244B /* Pods-HotelApp.release.xcconfig */,
				F603193501B29299FE0519D1 /* Pods-HotelAppTests.debug.xcconfig */,
				358EA5A63F22DA340FB3A084 /* Pods-HotelAppTests.release.xcconfig */,
				9BBF5286B20FBA6B0446C754 /* Pods-HotelAppUITests.debug.xcconfig */,
				5E497557A33310AB0D2EDE8A /* Pods-HotelAppUITests.release.xcconfig */,
			);
			name = Pods;
			sourceTree = "<group>";
		};
/* End PBXGroup section */

/* Begin PBXNativeTarget section */
		90E40AD6207403CF00FFD23B /* HotelApp */ = {
			isa = PBXNativeTarget;
			buildConfigurationList = 90E40AFF207403D000FFD23B /* Build configuration list for PBXNativeTarget "HotelApp" */;
			buildPhases = (
				5481F23E2E1478AB1B8145E8 /* [CP] Check Pods Manifest.lock */,
				90E40AD3207403CF00FFD23B /* Sources */,
				90E40AD4207403CF00FFD23B /* Frameworks */,
				90E40AD5207403CF00FFD23B /* Resources */,
				D38664480620BD076CB63D81 /* [CP] Embed Pods Frameworks */,
				8C9D7AF966F3F6EA9A68B761 /* [CP] Copy Pods Resources */,
				90E150F2207D1D3C0025E4C4 /* ShellScript */,
			);
			buildRules = (
			);
			dependencies = (
			);
			name = HotelApp;
			productName = HotelApp;
			productReference = 90E40AD7207403CF00FFD23B /* HotelApp.app */;
			productType = "com.apple.product-type.application";
		};
		90E40AEA207403D000FFD23B /* HotelAppTests */ = {
			isa = PBXNativeTarget;
			buildConfigurationList = 90E40B02207403D000FFD23B /* Build configuration list for PBXNativeTarget "HotelAppTests" */;
			buildPhases = (
				72225C8B077074FD1620E787 /* [CP] Check Pods Manifest.lock */,
				90E40AE7207403D000FFD23B /* Sources */,
				90E40AE8207403D000FFD23B /* Frameworks */,
				90E40AE9207403D000FFD23B /* Resources */,
				F3F1A25FF87A6207F6C10AE1 /* [CP] Embed Pods Frameworks */,
				D4893EF3222F1CEA971CB5DB /* [CP] Copy Pods Resources */,
			);
			buildRules = (
			);
			dependencies = (
				90E40AED207403D000FFD23B /* PBXTargetDependency */,
			);
			name = HotelAppTests;
			productName = HotelAppTests;
			productReference = 90E40AEB207403D000FFD23B /* HotelAppTests.xctest */;
			productType = "com.apple.product-type.bundle.unit-test";
		};
		90E40AF5207403D000FFD23B /* HotelAppUITests */ = {
			isa = PBXNativeTarget;
			buildConfigurationList = 90E40B05207403D000FFD23B /* Build configuration list for PBXNativeTarget "HotelAppUITests" */;
			buildPhases = (
				AAB1A62536318DC8B7E930F3 /* [CP] Check Pods Manifest.lock */,
				90E40AF2207403D000FFD23B /* Sources */,
				90E40AF3207403D000FFD23B /* Frameworks */,
				90E40AF4207403D000FFD23B /* Resources */,
				5509A3D5B8CD6051B07E84C2 /* [CP] Embed Pods Frameworks */,
				F4DEA3FC20E0B2C0BBBF54D0 /* [CP] Copy Pods Resources */,
			);
			buildRules = (
			);
			dependencies = (
				90E40AF8207403D000FFD23B /* PBXTargetDependency */,
			);
			name = HotelAppUITests;
			productName = HotelAppUITests;
			productReference = 90E40AF6207403D000FFD23B /* HotelAppUITests.xctest */;
			productType = "com.apple.product-type.bundle.ui-testing";
		};
/* End PBXNativeTarget section */

/* Begin PBXProject section */
		90E40ACF207403CF00FFD23B /* Project object */ = {
			isa = PBXProject;
			attributes = {
				LastSwiftUpdateCheck = 0920;
				LastUpgradeCheck = 0920;
				ORGANIZATIONNAME = "Ben Smith";
				TargetAttributes = {
					90E40AD6207403CF00FFD23B = {
						CreatedOnToolsVersion = 9.2;
						ProvisioningStyle = Automatic;
					};
					90E40AEA207403D000FFD23B = {
						CreatedOnToolsVersion = 9.2;
						ProvisioningStyle = Automatic;
						TestTargetID = 90E40AD6207403CF00FFD23B;
					};
					90E40AF5207403D000FFD23B = {
						CreatedOnToolsVersion = 9.2;
						ProvisioningStyle = Automatic;
						TestTargetID = 90E40AD6207403CF00FFD23B;
					};
				};
			};
			buildConfigurationList = 90E40AD2207403CF00FFD23B /* Build configuration list for PBXProject "HotelApp" */;
			compatibilityVersion = "Xcode 8.0";
			developmentRegion = en;
			hasScannedForEncodings = 0;
			knownRegions = (
				en,
				Base,
			);
			mainGroup = 90E40ACE207403CF00FFD23B;
			productRefGroup = 90E40AD8207403CF00FFD23B /* Products */;
			projectDirPath = "";
			projectRoot = "";
			targets = (
				90E40AD6207403CF00FFD23B /* HotelApp */,
				90E40AEA207403D000FFD23B /* HotelAppTests */,
				90E40AF5207403D000FFD23B /* HotelAppUITests */,
			);
		};
/* End PBXProject section */

/* Begin PBXResourcesBuildPhase section */
		90E40AD5207403CF00FFD23B /* Resources */ = {
			isa = PBXResourcesBuildPhase;
			buildActionMask = 2147483647;
			files = (
				90E40AE5207403CF00FFD23B /* LaunchScreen.storyboard in Resources */,
				90E15100207D33590025E4C4 /* offers.json in Resources */,
				90E40AE2207403CF00FFD23B /* Assets.xcassets in Resources */,
				90E150F8207D1F260025E4C4 /* HotelTableViewCell.xib in Resources */,
				90E40AE0207403CF00FFD23B /* Main.storyboard in Resources */,
			);
			runOnlyForDeploymentPostprocessing = 0;
		};
		90E40AE9207403D000FFD23B /* Resources */ = {
			isa = PBXResourcesBuildPhase;
			buildActionMask = 2147483647;
			files = (
			);
			runOnlyForDeploymentPostprocessing = 0;
		};
		90E40AF4207403D000FFD23B /* Resources */ = {
			isa = PBXResourcesBuildPhase;
			buildActionMask = 2147483647;
			files = (
			);
			runOnlyForDeploymentPostprocessing = 0;
		};
/* End PBXResourcesBuildPhase section */

/* Begin PBXShellScriptBuildPhase section */
		5481F23E2E1478AB1B8145E8 /* [CP] Check Pods Manifest.lock */ = {
			isa = PBXShellScriptBuildPhase;
			buildActionMask = 2147483647;
			files = (
			);
			inputPaths = (
				"${PODS_PODFILE_DIR_PATH}/Podfile.lock",
				"${PODS_ROOT}/Manifest.lock",
			);
			name = "[CP] Check Pods Manifest.lock";
			outputPaths = (
				"$(DERIVED_FILE_DIR)/Pods-HotelApp-checkManifestLockResult.txt",
			);
			runOnlyForDeploymentPostprocessing = 0;
			shellPath = /bin/sh;
			shellScript = "diff \"${PODS_PODFILE_DIR_PATH}/Podfile.lock\" \"${PODS_ROOT}/Manifest.lock\" > /dev/null\nif [ $? != 0 ] ; then\n    # print error to STDERR\n    echo \"error: The sandbox is not in sync with the Podfile.lock. Run 'pod install' or update your CocoaPods installation.\" >&2\n    exit 1\nfi\n# This output is used by Xcode 'outputs' to avoid re-running this script phase.\necho \"SUCCESS\" > \"${SCRIPT_OUTPUT_FILE_0}\"\n";
			showEnvVarsInLog = 0;
		};
		5509A3D5B8CD6051B07E84C2 /* [CP] Embed Pods Frameworks */ = {
			isa = PBXShellScriptBuildPhase;
			buildActionMask = 2147483647;
			files = (
			);
			inputPaths = (
			);
			name = "[CP] Embed Pods Frameworks";
			outputPaths = (
			);
			runOnlyForDeploymentPostprocessing = 0;
			shellPath = /bin/sh;
			shellScript = "\"${SRCROOT}/Pods/Target Support Files/Pods-HotelAppUITests/Pods-HotelAppUITests-frameworks.sh\"\n";
			showEnvVarsInLog = 0;
		};
		72225C8B077074FD1620E787 /* [CP] Check Pods Manifest.lock */ = {
			isa = PBXShellScriptBuildPhase;
			buildActionMask = 2147483647;
			files = (
			);
			inputPaths = (
				"${PODS_PODFILE_DIR_PATH}/Podfile.lock",
				"${PODS_ROOT}/Manifest.lock",
			);
			name = "[CP] Check Pods Manifest.lock";
			outputPaths = (
				"$(DERIVED_FILE_DIR)/Pods-HotelAppTests-checkManifestLockResult.txt",
			);
			runOnlyForDeploymentPostprocessing = 0;
			shellPath = /bin/sh;
			shellScript = "diff \"${PODS_PODFILE_DIR_PATH}/Podfile.lock\" \"${PODS_ROOT}/Manifest.lock\" > /dev/null\nif [ $? != 0 ] ; then\n    # print error to STDERR\n    echo \"error: The sandbox is not in sync with the Podfile.lock. Run 'pod install' or update your CocoaPods installation.\" >&2\n    exit 1\nfi\n# This output is used by Xcode 'outputs' to avoid re-running this script phase.\necho \"SUCCESS\" > \"${SCRIPT_OUTPUT_FILE_0}\"\n";
			showEnvVarsInLog = 0;
		};
		8C9D7AF966F3F6EA9A68B761 /* [CP] Copy Pods Resources */ = {
			isa = PBXShellScriptBuildPhase;
			buildActionMask = 2147483647;
			files = (
			);
			inputPaths = (
			);
			name = "[CP] Copy Pods Resources";
			outputPaths = (
			);
			runOnlyForDeploymentPostprocessing = 0;
			shellPath = /bin/sh;
			shellScript = "\"${SRCROOT}/Pods/Target Support Files/Pods-HotelApp/Pods-HotelApp-resources.sh\"\n";
			showEnvVarsInLog = 0;
		};
		90E150F2207D1D3C0025E4C4 /* ShellScript */ = {
			isa = PBXShellScriptBuildPhase;
			buildActionMask = 2147483647;
			files = (
			);
			inputPaths = (
			);
			outputPaths = (
			);
			runOnlyForDeploymentPostprocessing = 0;
			shellPath = /bin/sh;
			shellScript = "\"$PODS_ROOT/R.swift/rswift\" generate \"$SRCROOT\"     ";
		};
		AAB1A62536318DC8B7E930F3 /* [CP] Check Pods Manifest.lock */ = {
			isa = PBXShellScriptBuildPhase;
			buildActionMask = 2147483647;
			files = (
			);
			inputPaths = (
				"${PODS_PODFILE_DIR_PATH}/Podfile.lock",
				"${PODS_ROOT}/Manifest.lock",
			);
			name = "[CP] Check Pods Manifest.lock";
			outputPaths = (
				"$(DERIVED_FILE_DIR)/Pods-HotelAppUITests-checkManifestLockResult.txt",
			);
			runOnlyForDeploymentPostprocessing = 0;
			shellPath = /bin/sh;
			shellScript = "diff \"${PODS_PODFILE_DIR_PATH}/Podfile.lock\" \"${PODS_ROOT}/Manifest.lock\" > /dev/null\nif [ $? != 0 ] ; then\n    # print error to STDERR\n    echo \"error: The sandbox is not in sync with the Podfile.lock. Run 'pod install' or update your CocoaPods installation.\" >&2\n    exit 1\nfi\n# This output is used by Xcode 'outputs' to avoid re-running this script phase.\necho \"SUCCESS\" > \"${SCRIPT_OUTPUT_FILE_0}\"\n";
			showEnvVarsInLog = 0;
		};
		D38664480620BD076CB63D81 /* [CP] Embed Pods Frameworks */ = {
			isa = PBXShellScriptBuildPhase;
			buildActionMask = 2147483647;
			files = (
			);
			inputPaths = (
				"${SRCROOT}/Pods/Target Support Files/Pods-HotelApp/Pods-HotelApp-frameworks.sh",
				"${BUILT_PRODUCTS_DIR}/Alamofire/Alamofire.framework",
				"${BUILT_PRODUCTS_DIR}/Kingfisher/Kingfisher.framework",
				"${BUILT_PRODUCTS_DIR}/R.swift.Library/Rswift.framework",
				"${BUILT_PRODUCTS_DIR}/SVProgressHUD/SVProgressHUD.framework",
			);
			name = "[CP] Embed Pods Frameworks";
			outputPaths = (
				"${TARGET_BUILD_DIR}/${FRAMEWORKS_FOLDER_PATH}/Alamofire.framework",
				"${TARGET_BUILD_DIR}/${FRAMEWORKS_FOLDER_PATH}/Kingfisher.framework",
				"${TARGET_BUILD_DIR}/${FRAMEWORKS_FOLDER_PATH}/Rswift.framework",
				"${TARGET_BUILD_DIR}/${FRAMEWORKS_FOLDER_PATH}/SVProgressHUD.framework",
			);
			runOnlyForDeploymentPostprocessing = 0;
			shellPath = /bin/sh;
			shellScript = "\"${SRCROOT}/Pods/Target Support Files/Pods-HotelApp/Pods-HotelApp-frameworks.sh\"\n";
			showEnvVarsInLog = 0;
		};
		D4893EF3222F1CEA971CB5DB /* [CP] Copy Pods Resources */ = {
			isa = PBXShellScriptBuildPhase;
			buildActionMask = 2147483647;
			files = (
			);
			inputPaths = (
			);
			name = "[CP] Copy Pods Resources";
			outputPaths = (
			);
			runOnlyForDeploymentPostprocessing = 0;
			shellPath = /bin/sh;
			shellScript = "\"${SRCROOT}/Pods/Target Support Files/Pods-HotelAppTests/Pods-HotelAppTests-resources.sh\"\n";
			showEnvVarsInLog = 0;
		};
		F3F1A25FF87A6207F6C10AE1 /* [CP] Embed Pods Frameworks */ = {
			isa = PBXShellScriptBuildPhase;
			buildActionMask = 2147483647;
			files = (
			);
			inputPaths = (
			);
			name = "[CP] Embed Pods Frameworks";
			outputPaths = (
			);
			runOnlyForDeploymentPostprocessing = 0;
			shellPath = /bin/sh;
			shellScript = "\"${SRCROOT}/Pods/Target Support Files/Pods-HotelAppTests/Pods-HotelAppTests-frameworks.sh\"\n";
			showEnvVarsInLog = 0;
		};
		F4DEA3FC20E0B2C0BBBF54D0 /* [CP] Copy Pods Resources */ = {
			isa = PBXShellScriptBuildPhase;
			buildActionMask = 2147483647;
			files = (
			);
			inputPaths = (
			);
			name = "[CP] Copy Pods Resources";
			outputPaths = (
			);
			runOnlyForDeploymentPostprocessing = 0;
			shellPath = /bin/sh;
			shellScript = "\"${SRCROOT}/Pods/Target Support Files/Pods-HotelAppUITests/Pods-HotelAppUITests-resources.sh\"\n";
			showEnvVarsInLog = 0;
		};
/* End PBXShellScriptBuildPhase section */

/* Begin PBXSourcesBuildPhase section */
		90E40AD3207403CF00FFD23B /* Sources */ = {
			isa = PBXSourcesBuildPhase;
			buildActionMask = 2147483647;
			files = (
				90E150FE207D20570025E4C4 /* Offer.swift in Sources */,
				90E150FC207D1F890025E4C4 /* APIManager.swift in Sources */,
				90E40ADD207403CF00FFD23B /* ViewController.swift in Sources */,
				90E150FA207D1F320025E4C4 /* OfferTableViewController.swift in Sources */,
				90E40ADB207403CF00FFD23B /* AppDelegate.swift in Sources */,
				90E150F7207D1F260025E4C4 /* HotelTableViewCell.swift in Sources */,
				90E150F4207D1D570025E4C4 /* R.generated.swift in Sources */,
			);
			runOnlyForDeploymentPostprocessing = 0;
		};
		90E40AE7207403D000FFD23B /* Sources */ = {
			isa = PBXSourcesBuildPhase;
			buildActionMask = 2147483647;
			files = (
				90E40AF0207403D000FFD23B /* HotelAppTests.swift in Sources */,
			);
			runOnlyForDeploymentPostprocessing = 0;
		};
		90E40AF2207403D000FFD23B /* Sources */ = {
			isa = PBXSourcesBuildPhase;
			buildActionMask = 2147483647;
			files = (
				90E40AFB207403D000FFD23B /* HotelAppUITests.swift in Sources */,
			);
			runOnlyForDeploymentPostprocessing = 0;
		};
/* End PBXSourcesBuildPhase section */

/* Begin PBXTargetDependency section */
		90E40AED207403D000FFD23B /* PBXTargetDependency */ = {
			isa = PBXTargetDependency;
			target = 90E40AD6207403CF00FFD23B /* HotelApp */;
			targetProxy = 90E40AEC207403D000FFD23B /* PBXContainerItemProxy */;
		};
		90E40AF8207403D000FFD23B /* PBXTargetDependency */ = {
			isa = PBXTargetDependency;
			target = 90E40AD6207403CF00FFD23B /* HotelApp */;
			targetProxy = 90E40AF7207403D000FFD23B /* PBXContainerItemProxy */;
		};
/* End PBXTargetDependency section */

/* Begin PBXVariantGroup section */
		90E40ADE207403CF00FFD23B /* Main.storyboard */ = {
			isa = PBXVariantGroup;
			children = (
				90E40ADF207403CF00FFD23B /* Base */,
			);
			name = Main.storyboard;
			sourceTree = "<group>";
		};
		90E40AE3207403CF00FFD23B /* LaunchScreen.storyboard */ = {
			isa = PBXVariantGroup;
			children = (
				90E40AE4207403CF00FFD23B /* Base */,
			);
			name = LaunchScreen.storyboard;
			sourceTree = "<group>";
		};
/* End PBXVariantGroup section */

/* Begin XCBuildConfiguration section */
		90E40AFD207403D000FFD23B /* Debug */ = {
			isa = XCBuildConfiguration;
			buildSettings = {
				ALWAYS_SEARCH_USER_PATHS = NO;
				CLANG_ANALYZER_NONNULL = YES;
				CLANG_ANALYZER_NUMBER_OBJECT_CONVERSION = YES_AGGRESSIVE;
				CLANG_CXX_LANGUAGE_STANDARD = "gnu++14";
				CLANG_CXX_LIBRARY = "libc++";
				CLANG_ENABLE_MODULES = YES;
				CLANG_ENABLE_OBJC_ARC = YES;
				CLANG_WARN_BLOCK_CAPTURE_AUTORELEASING = YES;
				CLANG_WARN_BOOL_CONVERSION = YES;
				CLANG_WARN_COMMA = YES;
				CLANG_WARN_CONSTANT_CONVERSION = YES;
				CLANG_WARN_DIRECT_OBJC_ISA_USAGE = YES_ERROR;
				CLANG_WARN_DOCUMENTATION_COMMENTS = YES;
				CLANG_WARN_EMPTY_BODY = YES;
				CLANG_WARN_ENUM_CONVERSION = YES;
				CLANG_WARN_INFINITE_RECURSION = YES;
				CLANG_WARN_INT_CONVERSION = YES;
				CLANG_WARN_NON_LITERAL_NULL_CONVERSION = YES;
				CLANG_WARN_OBJC_LITERAL_CONVERSION = YES;
				CLANG_WARN_OBJC_ROOT_CLASS = YES_ERROR;
				CLANG_WARN_RANGE_LOOP_ANALYSIS = YES;
				CLANG_WARN_STRICT_PROTOTYPES = YES;
				CLANG_WARN_SUSPICIOUS_MOVE = YES;
				CLANG_WARN_UNGUARDED_AVAILABILITY = YES_AGGRESSIVE;
				CLANG_WARN_UNREACHABLE_CODE = YES;
				CLANG_WARN__DUPLICATE_METHOD_MATCH = YES;
				CODE_SIGN_IDENTITY = "iPhone Developer";
				COPY_PHASE_STRIP = NO;
				DEBUG_INFORMATION_FORMAT = dwarf;
				ENABLE_STRICT_OBJC_MSGSEND = YES;
				ENABLE_TESTABILITY = YES;
				GCC_C_LANGUAGE_STANDARD = gnu11;
				GCC_DYNAMIC_NO_PIC = NO;
				GCC_NO_COMMON_BLOCKS = YES;
				GCC_OPTIMIZATION_LEVEL = 0;
				GCC_PREPROCESSOR_DEFINITIONS = (
					"DEBUG=1",
					"$(inherited)",
				);
				GCC_WARN_64_TO_32_BIT_CONVERSION = YES;
				GCC_WARN_ABOUT_RETURN_TYPE = YES_ERROR;
				GCC_WARN_UNDECLARED_SELECTOR = YES;
				GCC_WARN_UNINITIALIZED_AUTOS = YES_AGGRESSIVE;
				GCC_WARN_UNUSED_FUNCTION = YES;
				GCC_WARN_UNUSED_VARIABLE = YES;
				IPHONEOS_DEPLOYMENT_TARGET = 11.2;
				MTL_ENABLE_DEBUG_INFO = YES;
				ONLY_ACTIVE_ARCH = YES;
				SDKROOT = iphoneos;
				SWIFT_ACTIVE_COMPILATION_CONDITIONS = DEBUG;
				SWIFT_OPTIMIZATION_LEVEL = "-Onone";
			};
			name = Debug;
		};
		90E40AFE207403D000FFD23B /* Release */ = {
			isa = XCBuildConfiguration;
			buildSettings = {
				ALWAYS_SEARCH_USER_PATHS = NO;
				CLANG_ANALYZER_NONNULL = YES;
				CLANG_ANALYZER_NUMBER_OBJECT_CONVERSION = YES_AGGRESSIVE;
				CLANG_CXX_LANGUAGE_STANDARD = "gnu++14";
				CLANG_CXX_LIBRARY = "libc++";
				CLANG_ENABLE_MODULES = YES;
				CLANG_ENABLE_OBJC_ARC = YES;
				CLANG_WARN_BLOCK_CAPTURE_AUTORELEASING = YES;
				CLANG_WARN_BOOL_CONVERSION = YES;
				CLANG_WARN_COMMA = YES;
				CLANG_WARN_CONSTANT_CONVERSION = YES;
				CLANG_WARN_DIRECT_OBJC_ISA_USAGE = YES_ERROR;
				CLANG_WARN_DOCUMENTATION_COMMENTS = YES;
				CLANG_WARN_EMPTY_BODY = YES;
				CLANG_WARN_ENUM_CONVERSION = YES;
				CLANG_WARN_INFINITE_RECURSION = YES;
				CLANG_WARN_INT_CONVERSION = YES;
				CLANG_WARN_NON_LITERAL_NULL_CONVERSION = YES;
				CLANG_WARN_OBJC_LITERAL_CONVERSION = YES;
				CLANG_WARN_OBJC_ROOT_CLASS = YES_ERROR;
				CLANG_WARN_RANGE_LOOP_ANALYSIS = YES;
				CLANG_WARN_STRICT_PROTOTYPES = YES;
				CLANG_WARN_SUSPICIOUS_MOVE = YES;
				CLANG_WARN_UNGUARDED_AVAILABILITY = YES_AGGRESSIVE;
				CLANG_WARN_UNREACHABLE_CODE = YES;
				CLANG_WARN__DUPLICATE_METHOD_MATCH = YES;
				CODE_SIGN_IDENTITY = "iPhone Developer";
				COPY_PHASE_STRIP = NO;
				DEBUG_INFORMATION_FORMAT = "dwarf-with-dsym";
				ENABLE_NS_ASSERTIONS = NO;
				ENABLE_STRICT_OBJC_MSGSEND = YES;
				GCC_C_LANGUAGE_STANDARD = gnu11;
				GCC_NO_COMMON_BLOCKS = YES;
				GCC_WARN_64_TO_32_BIT_CONVERSION = YES;
				GCC_WARN_ABOUT_RETURN_TYPE = YES_ERROR;
				GCC_WARN_UNDECLARED_SELECTOR = YES;
				GCC_WARN_UNINITIALIZED_AUTOS = YES_AGGRESSIVE;
				GCC_WARN_UNUSED_FUNCTION = YES;
				GCC_WARN_UNUSED_VARIABLE = YES;
				IPHONEOS_DEPLOYMENT_TARGET = 11.2;
				MTL_ENABLE_DEBUG_INFO = NO;
				SDKROOT = iphoneos;
				SWIFT_OPTIMIZATION_LEVEL = "-Owholemodule";
				VALIDATE_PRODUCT = YES;
			};
			name = Release;
		};
		90E40B00207403D000FFD23B /* Debug */ = {
			isa = XCBuildConfiguration;
			baseConfigurationReference = 5AB311A98CFD76D18DAC15D1 /* Pods-HotelApp.debug.xcconfig */;
			buildSettings = {
				ASSETCATALOG_COMPILER_APPICON_NAME = AppIcon;
				CODE_SIGN_STYLE = Automatic;
				DEVELOPMENT_TEAM = CWK29L7ZPT;
				INFOPLIST_FILE = HotelApp/Info.plist;
				LD_RUNPATH_SEARCH_PATHS = "$(inherited) @executable_path/Frameworks";
				PRODUCT_BUNDLE_IDENTIFIER = com.bensmithinc.KLMTrip.HotelApp;
				PRODUCT_NAME = "$(TARGET_NAME)";
				SWIFT_VERSION = 4.0;
				TARGETED_DEVICE_FAMILY = "1,2";
			};
			name = Debug;
		};
		90E40B01207403D000FFD23B /* Release */ = {
			isa = XCBuildConfiguration;
			baseConfigurationReference = 6EAC294769F833E71E77244B /* Pods-HotelApp.release.xcconfig */;
			buildSettings = {
				ASSETCATALOG_COMPILER_APPICON_NAME = AppIcon;
				CODE_SIGN_STYLE = Automatic;
				DEVELOPMENT_TEAM = CWK29L7ZPT;
				INFOPLIST_FILE = HotelApp/Info.plist;
				LD_RUNPATH_SEARCH_PATHS = "$(inherited) @executable_path/Frameworks";
				PRODUCT_BUNDLE_IDENTIFIER = com.bensmithinc.KLMTrip.HotelApp;
				PRODUCT_NAME = "$(TARGET_NAME)";
				SWIFT_VERSION = 4.0;
				TARGETED_DEVICE_FAMILY = "1,2";
			};
			name = Release;
		};
		90E40B03207403D000FFD23B /* Debug */ = {
			isa = XCBuildConfiguration;
			baseConfigurationReference = F603193501B29299FE0519D1 /* Pods-HotelAppTests.debug.xcconfig */;
			buildSettings = {
				ALWAYS_EMBED_SWIFT_STANDARD_LIBRARIES = YES;
				BUNDLE_LOADER = "$(TEST_HOST)";
				CODE_SIGN_STYLE = Automatic;
				DEVELOPMENT_TEAM = CWK29L7ZPT;
				INFOPLIST_FILE = HotelAppTests/Info.plist;
				LD_RUNPATH_SEARCH_PATHS = "$(inherited) @executable_path/Frameworks @loader_path/Frameworks";
				PRODUCT_BUNDLE_IDENTIFIER = com.bensmithinc.KLMTrip.HotelAppTests;
				PRODUCT_NAME = "$(TARGET_NAME)";
				SWIFT_VERSION = 4.0;
				TARGETED_DEVICE_FAMILY = "1,2";
				TEST_HOST = "$(BUILT_PRODUCTS_DIR)/HotelApp.app/HotelApp";
			};
			name = Debug;
		};
		90E40B04207403D000FFD23B /* Release */ = {
			isa = XCBuildConfiguration;
			baseConfigurationReference = 358EA5A63F22DA340FB3A084 /* Pods-HotelAppTests.release.xcconfig */;
			buildSettings = {
				ALWAYS_EMBED_SWIFT_STANDARD_LIBRARIES = YES;
				BUNDLE_LOADER = "$(TEST_HOST)";
				CODE_SIGN_STYLE = Automatic;
				DEVELOPMENT_TEAM = CWK29L7ZPT;
				INFOPLIST_FILE = HotelAppTests/Info.plist;
				LD_RUNPATH_SEARCH_PATHS = "$(inherited) @executable_path/Frameworks @loader_path/Frameworks";
				PRODUCT_BUNDLE_IDENTIFIER = com.bensmithinc.KLMTrip.HotelAppTests;
				PRODUCT_NAME = "$(TARGET_NAME)";
				SWIFT_VERSION = 4.0;
				TARGETED_DEVICE_FAMILY = "1,2";
				TEST_HOST = "$(BUILT_PRODUCTS_DIR)/HotelApp.app/HotelApp";
			};
			name = Release;
		};
		90E40B06207403D000FFD23B /* Debug */ = {
			isa = XCBuildConfiguration;
			baseConfigurationReference = 9BBF5286B20FBA6B0446C754 /* Pods-HotelAppUITests.debug.xcconfig */;
			buildSettings = {
				ALWAYS_EMBED_SWIFT_STANDARD_LIBRARIES = YES;
				CODE_SIGN_STYLE = Automatic;
				DEVELOPMENT_TEAM = CWK29L7ZPT;
				INFOPLIST_FILE = HotelAppUITests/Info.plist;
				LD_RUNPATH_SEARCH_PATHS = "$(inherited) @executable_path/Frameworks @loader_path/Frameworks";
				PRODUCT_BUNDLE_IDENTIFIER = com.bensmithinc.KLMTrip.HotelAppUITests;
				PRODUCT_NAME = "$(TARGET_NAME)";
				SWIFT_VERSION = 4.0;
				TARGETED_DEVICE_FAMILY = "1,2";
				TEST_TARGET_NAME = HotelApp;
			};
			name = Debug;
		};
		90E40B07207403D000FFD23B /* Release */ = {
			isa = XCBuildConfiguration;
			baseConfigurationReference = 5E497557A33310AB0D2EDE8A /* Pods-HotelAppUITests.release.xcconfig */;
			buildSettings = {
				ALWAYS_EMBED_SWIFT_STANDARD_LIBRARIES = YES;
				CODE_SIGN_STYLE = Automatic;
				DEVELOPMENT_TEAM = CWK29L7ZPT;
				INFOPLIST_FILE = HotelAppUITests/Info.plist;
				LD_RUNPATH_SEARCH_PATHS = "$(inherited) @executable_path/Frameworks @loader_path/Frameworks";
				PRODUCT_BUNDLE_IDENTIFIER = com.bensmithinc.KLMTrip.HotelAppUITests;
				PRODUCT_NAME = "$(TARGET_NAME)";
				SWIFT_VERSION = 4.0;
				TARGETED_DEVICE_FAMILY = "1,2";
				TEST_TARGET_NAME = HotelApp;
			};
			name = Release;
		};
/* End XCBuildConfiguration section */

/* Begin XCConfigurationList section */
		90E40AD2207403CF00FFD23B /* Build configuration list for PBXProject "HotelApp" */ = {
			isa = XCConfigurationList;
			buildConfigurations = (
				90E40AFD207403D000FFD23B /* Debug */,
				90E40AFE207403D000FFD23B /* Release */,
			);
			defaultConfigurationIsVisible = 0;
			defaultConfigurationName = Release;
		};
		90E40AFF207403D000FFD23B /* Build configuration list for PBXNativeTarget "HotelApp" */ = {
			isa = XCConfigurationList;
			buildConfigurations = (
				90E40B00207403D000FFD23B /* Debug */,
				90E40B01207403D000FFD23B /* Release */,
			);
			defaultConfigurationIsVisible = 0;
			defaultConfigurationName = Release;
		};
		90E40B02207403D000FFD23B /* Build configuration list for PBXNativeTarget "HotelAppTests" */ = {
			isa = XCConfigurationList;
			buildConfigurations = (
				90E40B03207403D000FFD23B /* Debug */,
				90E40B04207403D000FFD23B /* Release */,
			);
			defaultConfigurationIsVisible = 0;
			defaultConfigurationName = Release;
		};
		90E40B05207403D000FFD23B /* Build configuration list for PBXNativeTarget "HotelAppUITests" */ = {
			isa = XCConfigurationList;
			buildConfigurations = (
				90E40B06207403D000FFD23B /* Debug */,
				90E40B07207403D000FFD23B /* Release */,
			);
			defaultConfigurationIsVisible = 0;
			defaultConfigurationName = Release;
		};
/* End XCConfigurationList section */
	};
	rootObject = 90E40ACF207403CF00FFD23B /* Project object */;
}
